
Microsoft Visual Studio Solution File, Format Version 12.00
# Visual Studio Version 17
VisualStudioVersion = 17.4.33213.308
MinimumVisualStudioVersion = 10.0.40219.1
Project("{FAE04EC0-301F-11D3-BF4B-00C04F79EFBC}") = "modul3_1302213016", "modul3_1302213016.csproj", "{5CB03AFA-12D4-4BE3-BC08-01DA52058D2D}"
EndProject
Global
	GlobalSection(SolutionConfigurationPlatforms) = preSolution
		Debug|Any CPU = Debug|Any CPU
		Release|Any CPU = Release|Any CPU
	EndGlobalSection
	GlobalSection(ProjectConfigurationPlatforms) = postSolution
		{5CB03AFA-12D4-4BE3-BC08-01DA52058D2D}.Debug|Any CPU.ActiveCfg = Debug|Any CPU
		{5CB03AFA-12D4-4BE3-BC08-01DA52058D2D}.Debug|Any CPU.Build.0 = Debug|Any CPU
		{5CB03AFA-12D4-4BE3-BC08-01DA52058D2D}.Release|Any CPU.ActiveCfg = Release|Any CPU
		{5CB03AFA-12D4-4BE3-BC08-01DA52058D2D}.Release|Any CPU.Build.0 = Release|Any CPU
	EndGlobalSection
	GlobalSection(SolutionProperties) = preSolution
		HideSolutionNode = FALSE
	EndGlobalSection
	GlobalSection(ExtensibilityGlobals) = postSolution
		SolutionGuid = {28B3843F-0A9E-4EC4-AE93-810FCF0276C1}
	EndGlobalSection
EndGlobal
